
Microsoft Visual Studio Solution File, Format Version 12.00
# Visual Studio Version 17
VisualStudioVersion = 17.9.34902.65
MinimumVisualStudioVersion = 10.0.40219.1
Project("{FAE04EC0-301F-11D3-BF4B-00C04F79EFBC}") = "PixelForge", "PixelForge\PixelForge.csproj", "{196FF4BB-1B2B-4105-B11E-EA8408A92630}"
EndProject
Global
	GlobalSection(SolutionConfigurationPlatforms) = preSolution
		Debug|Any CPU = Debug|Any CPU
		Release|Any CPU = Release|Any CPU
	EndGlobalSection
	GlobalSection(ProjectConfigurationPlatforms) = postSolution
		{196FF4BB-1B2B-4105-B11E-EA8408A92630}.Debug|Any CPU.ActiveCfg = Debug|Any CPU
		{196FF4BB-1B2B-4105-B11E-EA8408A92630}.Debug|Any CPU.Build.0 = Debug|Any CPU
		{196FF4BB-1B2B-4105-B11E-EA8408A92630}.Release|Any CPU.ActiveCfg = Release|Any CPU
		{196FF4BB-1B2B-4105-B11E-EA8408A92630}.Release|Any CPU.Build.0 = Release|Any CPU
	EndGlobalSection
	GlobalSection(SolutionProperties) = preSolution
		HideSolutionNode = FALSE
	EndGlobalSection
	GlobalSection(ExtensibilityGlobals) = postSolution
		SolutionGuid = {57D99930-EEEE-498D-AB47-EA60D6369850}
	EndGlobalSection
EndGlobal
